{
  "version": 4,
  "terraform_version": "0.13.5",
  "serial": 10,
  "lineage": "9b8d6724-b3f9-e9b6-a3a9-901fa09b5cb3",
  "outputs": {
    "vnet_id": {
      "value": "/subscriptions/75c93aa6-4fd4-4eef-9f1e-77cfc0df1be6/resourceGroups/simple-virtual-network/providers/Microsoft.Network/virtualNetworks/acctvnet",
      "type": "string"
    }
  },
  "resources": [
    {
      "mode": "managed",
      "type": "azurerm_resource_group",
      "name": "example",
      "provider": "provider[\"registry.terraform.io/hashicorp/azurerm\"]",
      "instances": [
        {
          "schema_version": 0,
          "attributes": {
            "id": "/subscriptions/75c93aa6-4fd4-4eef-9f1e-77cfc0df1be6/resourceGroups/simple-virtual-network",
            "location": "uksouth",
            "name": "simple-virtual-network",
            "tags": null,
            "timeouts": null
          },
          "private": "eyJlMmJmYjczMC1lY2FhLTExZTYtOGY4OC0zNDM2M2JjN2M0YzAiOnsiY3JlYXRlIjo1NDAwMDAwMDAwMDAwLCJkZWxldGUiOjU0MDAwMDAwMDAwMDAsInJlYWQiOjMwMDAwMDAwMDAwMCwidXBkYXRlIjo1NDAwMDAwMDAwMDAwfX0="
        }
      ]
    },
    {
      "module": "module.vnet-main",
      "mode": "data",
      "type": "azurerm_resource_group",
      "name": "vnet",
      "provider": "provider[\"registry.terraform.io/hashicorp/azurerm\"]",
      "instances": [
        {
          "schema_version": 0,
          "attributes": {
            "id": "/subscriptions/75c93aa6-4fd4-4eef-9f1e-77cfc0df1be6/resourceGroups/simple-virtual-network",
            "location": "uksouth",
            "name": "simple-virtual-network",
            "tags": {},
            "timeouts": null
          }
        }
      ]
    },
    {
      "module": "module.vnet-main",
      "mode": "managed",
      "type": "azurerm_subnet",
      "name": "subnet",
      "provider": "provider[\"registry.terraform.io/hashicorp/azurerm\"]",
      "instances": [
        {
          "index_key": 0,
          "schema_version": 0,
          "attributes": {
            "address_prefix": "10.0.1.0/24",
            "address_prefixes": [
              "10.0.1.0/24"
            ],
            "delegation": [],
            "enforce_private_link_endpoint_network_policies": false,
            "enforce_private_link_service_network_policies": false,
            "id": "/subscriptions/75c93aa6-4fd4-4eef-9f1e-77cfc0df1be6/resourceGroups/simple-virtual-network/providers/Microsoft.Network/virtualNetworks/acctvnet/subnets/public",
            "name": "public",
            "resource_group_name": "simple-virtual-network",
            "service_endpoints": null,
            "timeouts": null,
            "virtual_network_name": "acctvnet"
          },
          "private": "eyJlMmJmYjczMC1lY2FhLTExZTYtOGY4OC0zNDM2M2JjN2M0YzAiOnsiY3JlYXRlIjoxODAwMDAwMDAwMDAwLCJkZWxldGUiOjE4MDAwMDAwMDAwMDAsInJlYWQiOjMwMDAwMDAwMDAwMCwidXBkYXRlIjoxODAwMDAwMDAwMDAwfX0=",
          "dependencies": [
            "azurerm_resource_group.example",
            "module.vnet-main.azurerm_virtual_network.vnet",
            "module.vnet-main.data.azurerm_resource_group.vnet"
          ]
        },
        {
          "index_key": 1,
          "schema_version": 0,
          "attributes": {
            "address_prefix": "10.0.2.0/24",
            "address_prefixes": [
              "10.0.2.0/24"
            ],
            "delegation": [],
            "enforce_private_link_endpoint_network_policies": false,
            "enforce_private_link_service_network_policies": false,
            "id": "/subscriptions/75c93aa6-4fd4-4eef-9f1e-77cfc0df1be6/resourceGroups/simple-virtual-network/providers/Microsoft.Network/virtualNetworks/acctvnet/subnets/private",
            "name": "private",
            "resource_group_name": "simple-virtual-network",
            "service_endpoints": null,
            "timeouts": null,
            "virtual_network_name": "acctvnet"
          },
          "private": "eyJlMmJmYjczMC1lY2FhLTExZTYtOGY4OC0zNDM2M2JjN2M0YzAiOnsiY3JlYXRlIjoxODAwMDAwMDAwMDAwLCJkZWxldGUiOjE4MDAwMDAwMDAwMDAsInJlYWQiOjMwMDAwMDAwMDAwMCwidXBkYXRlIjoxODAwMDAwMDAwMDAwfX0=",
          "dependencies": [
            "azurerm_resource_group.example",
            "module.vnet-main.azurerm_virtual_network.vnet",
            "module.vnet-main.data.azurerm_resource_group.vnet"
          ]
        }
      ]
    },
    {
      "module": "module.vnet-main",
      "mode": "managed",
      "type": "azurerm_virtual_network",
      "name": "vnet",
      "provider": "provider[\"registry.terraform.io/hashicorp/azurerm\"]",
      "instances": [
        {
          "schema_version": 0,
          "attributes": {
            "address_space": [
              "10.0.0.0/16"
            ],
            "ddos_protection_plan": [],
            "dns_servers": [],
            "guid": "7581d4b7-c4b7-4610-8ee2-29f9a7240496",
            "id": "/subscriptions/75c93aa6-4fd4-4eef-9f1e-77cfc0df1be6/resourceGroups/simple-virtual-network/providers/Microsoft.Network/virtualNetworks/acctvnet",
            "location": "uksouth",
            "name": "acctvnet",
            "resource_group_name": "simple-virtual-network",
            "subnet": [],
            "tags": {
              "ENV": "test"
            },
            "timeouts": null
          },
          "private": "eyJlMmJmYjczMC1lY2FhLTExZTYtOGY4OC0zNDM2M2JjN2M0YzAiOnsiY3JlYXRlIjoxODAwMDAwMDAwMDAwLCJkZWxldGUiOjE4MDAwMDAwMDAwMDAsInJlYWQiOjMwMDAwMDAwMDAwMCwidXBkYXRlIjoxODAwMDAwMDAwMDAwfX0=",
          "dependencies": [
            "azurerm_resource_group.example",
            "module.vnet-main.data.azurerm_resource_group.vnet"
          ]
        }
      ]
    }
  ]
}
